// !$*UTF8*$!
{
	archiveVersion = 1;
	classes = {
	};
	objectVersion = 46;
	objects = {

/* Begin PBXBuildFile section */
		6E56630C19D3A70B00BF4948 /* AppDelegate.swift in Sources */ = {isa = PBXBuildFile; fileRef = 6E56630B19D3A70B00BF4948 /* AppDelegate.swift */; };
		6E56630E19D3A70B00BF4948 /* ViewController.swift in Sources */ = {isa = PBXBuildFile; fileRef = 6E56630D19D3A70B00BF4948 /* ViewController.swift */; };
		6E56631019D3A70B00BF4948 /* Images.xcassets in Resources */ = {isa = PBXBuildFile; fileRef = 6E56630F19D3A70B00BF4948 /* Images.xcassets */; };
		6E56631319D3A70B00BF4948 /* Main.storyboard in Resources */ = {isa = PBXBuildFile; fileRef = 6E56631119D3A70B00BF4948 /* Main.storyboard */; };
		6E56631F19D3A70B00BF4948 /* PostsTests.swift in Sources */ = {isa = PBXBuildFile; fileRef = 6E56631E19D3A70B00BF4948 /* PostsTests.swift */; };
/* End PBXBuildFile section */

/* Begin PBXContainerItemProxy section */
		6E56631919D3A70B00BF4948 /* PBXContainerItemProxy */ = {
			isa = PBXContainerItemProxy;
			containerPortal = 6E5662FE19D3A70B00BF4948 /* Project object */;
			proxyType = 1;
			remoteGlobalIDString = 6E56630519D3A70B00BF4948;
			remoteInfo = Posts;
		};
/* End PBXContainerItemProxy section */

/* Begin PBXFileReference section */
		6E56630619D3A70B00BF4948 /* Posts.app */ = {isa = PBXFileReference; explicitFileType = wrapper.application; includeInIndex = 0; path = Posts.app; sourceTree = BUILT_PRODUCTS_DIR; };
		6E56630A19D3A70B00BF4948 /* Info.plist */ = {isa = PBXFileReference; lastKnownFileType = text.plist.xml; path = Info.plist; sourceTree = "<group>"; };
		6E56630B19D3A70B00BF4948 /* AppDelegate.swift */ = {isa = PBXFileReference; lastKnownFileType = sourcecode.swift; path = AppDelegate.swift; sourceTree = "<group>"; };
		6E56630D19D3A70B00BF4948 /* ViewController.swift */ = {isa = PBXFileReference; lastKnownFileType = sourcecode.swift; path = ViewController.swift; sourceTree = "<group>"; };
		6E56630F19D3A70B00BF4948 /* Images.xcassets */ = {isa = PBXFileReference; lastKnownFileType = folder.assetcatalog; path = Images.xcassets; sourceTree = "<group>"; };
		6E56631219D3A70B00BF4948 /* Base */ = {isa = PBXFileReference; lastKnownFileType = file.storyboard; name = Base; path = Base.lproj/Main.storyboard; sourceTree = "<group>"; };
		6E56631819D3A70B00BF4948 /* PostsTests.xctest */ = {isa = PBXFileReference; explicitFileType = wrapper.cfbundle; includeInIndex = 0; path = PostsTests.xctest; sourceTree = BUILT_PRODUCTS_DIR; };
		6E56631D19D3A70B00BF4948 /* Info.plist */ = {isa = PBXFileReference; lastKnownFileType = text.plist.xml; path = Info.plist; sourceTree = "<group>"; };
		6E56631E19D3A70B00BF4948 /* PostsTests.swift */ = {isa = PBXFileReference; lastKnownFileType = sourcecode.swift; path = PostsTests.swift; sourceTree = "<group>"; };
/* End PBXFileReference section */

/* Begin PBXFrameworksBuildPhase section */
		6E56630319D3A70B00BF4948 /* Frameworks */ = {
			isa = PBXFrameworksBuildPhase;
			buildActionMask = 2147483647;
			files = (
			);
			runOnlyForDeploymentPostprocessing = 0;
		};
		6E56631519D3A70B00BF4948 /* Frameworks */ = {
			isa = PBXFrameworksBuildPhase;
			buildActionMask = 2147483647;
			files = (
			);
			runOnlyForDeploymentPostprocessing = 0;
		};
/* End PBXFrameworksBuildPhase section */

/* Begin PBXGroup section */
		6E5662FD19D3A70B00BF4948 = {
			isa = PBXGroup;
			children = (
				6E56630819D3A70B00BF4948 /* Posts */,
				6E56631B19D3A70B00BF4948 /* PostsTests */,
				6E56630719D3A70B00BF4948 /* Products */,
			);
			sourceTree = "<group>";
		};
		6E56630719D3A70B00BF4948 /* Products */ = {
			isa = PBXGroup;
			children = (
				6E56630619D3A70B00BF4948 /* Posts.app */,
				6E56631819D3A70B00BF4948 /* PostsTests.xctest */,
			);
			name = Products;
			sourceTree = "<group>";
		};
		6E56630819D3A70B00BF4948 /* Posts */ = {
			isa = PBXGroup;
			children = (
				6E56630B19D3A70B00BF4948 /* AppDelegate.swift */,
				6E56630D19D3A70B00BF4948 /* ViewController.swift */,
				6E56630F19D3A70B00BF4948 /* Images.xcassets */,
				6E56631119D3A70B00BF4948 /* Main.storyboard */,
				6E56630919D3A70B00BF4948 /* Supporting Files */,
			);
			path = Posts;
			sourceTree = "<group>";
		};
		6E56630919D3A70B00BF4948 /* Supporting Files */ = {
			isa = PBXGroup;
			children = (
				6E56630A19D3A70B00BF4948 /* Info.plist */,
			);
			name = "Supporting Files";
			sourceTree = "<group>";
		};
		6E56631B19D3A70B00BF4948 /* PostsTests */ = {
			isa = PBXGroup;
			children = (
				6E56631E19D3A70B00BF4948 /* PostsTests.swift */,
				6E56631C19D3A70B00BF4948 /* Supporting Files */,
			);
			path = PostsTests;
			sourceTree = "<group>";
		};
		6E56631C19D3A70B00BF4948 /* Supporting Files */ = {
			isa = PBXGroup;
			children = (
				6E56631D19D3A70B00BF4948 /* Info.plist */,
			);
			name = "Supporting Files";
			sourceTree = "<group>";
		};
/* End PBXGroup section */

/* Begin PBXNativeTarget section */
		6E56630519D3A70B00BF4948 /* Posts */ = {
			isa = PBXNativeTarget;
			buildConfigurationList = 6E56632219D3A70B00BF4948 /* Build configuration list for PBXNativeTarget "Posts" */;
			buildPhases = (
				6E56630219D3A70B00BF4948 /* Sources */,
				6E56630319D3A70B00BF4948 /* Frameworks */,
				6E56630419D3A70B00BF4948 /* Resources */,
			);
			buildRules = (
			);
			dependencies = (
			);
			name = Posts;
			productName = Posts;
			productReference = 6E56630619D3A70B00BF4948 /* Posts.app */;
			productType = "com.apple.product-type.application";
		};
		6E56631719D3A70B00BF4948 /* PostsTests */ = {
			isa = PBXNativeTarget;
			buildConfigurationList = 6E56632519D3A70B00BF4948 /* Build configuration list for PBXNativeTarget "PostsTests" */;
			buildPhases = (
				6E56631419D3A70B00BF4948 /* Sources */,
				6E56631519D3A70B00BF4948 /* Frameworks */,
				6E56631619D3A70B00BF4948 /* Resources */,
			);
			buildRules = (
			);
			dependencies = (
				6E56631A19D3A70B00BF4948 /* PBXTargetDependency */,
			);
			name = PostsTests;
			productName = PostsTests;
			productReference = 6E56631819D3A70B00BF4948 /* PostsTests.xctest */;
			productType = "com.apple.product-type.bundle.unit-test";
		};
/* End PBXNativeTarget section */

/* Begin PBXProject section */
		6E5662FE19D3A70B00BF4948 /* Project object */ = {
			isa = PBXProject;
			attributes = {
				LastUpgradeCheck = 0610;
				ORGANIZATIONNAME = ColemanCDA;
				TargetAttributes = {
					6E56630519D3A70B00BF4948 = {
						CreatedOnToolsVersion = 6.1;
					};
					6E56631719D3A70B00BF4948 = {
						CreatedOnToolsVersion = 6.1;
						TestTargetID = 6E56630519D3A70B00BF4948;
					};
				};
			};
			buildConfigurationList = 6E56630119D3A70B00BF4948 /* Build configuration list for PBXProject "Posts" */;
			compatibilityVersion = "Xcode 3.2";
			developmentRegion = English;
			hasScannedForEncodings = 0;
			knownRegions = (
				en,
				Base,
			);
			mainGroup = 6E5662FD19D3A70B00BF4948;
			productRefGroup = 6E56630719D3A70B00BF4948 /* Products */;
			projectDirPath = "";
			projectRoot = "";
			targets = (
				6E56630519D3A70B00BF4948 /* Posts */,
				6E56631719D3A70B00BF4948 /* PostsTests */,
			);
		};
/* End PBXProject section */

/* Begin PBXResourcesBuildPhase section */
		6E56630419D3A70B00BF4948 /* Resources */ = {
			isa = PBXResourcesBuildPhase;
			buildActionMask = 2147483647;
			files = (
				6E56631019D3A70B00BF4948 /* Images.xcassets in Resources */,
				6E56631319D3A70B00BF4948 /* Main.storyboard in Resources */,
			);
			runOnlyForDeploymentPostprocessing = 0;
		};
		6E56631619D3A70B00BF4948 /* Resources */ = {
			isa = PBXResourcesBuildPhase;
			buildActionMask = 2147483647;
			files = (
			);
			runOnlyForDeploymentPostprocessing = 0;
		};
/* End PBXResourcesBuildPhase section */

/* Begin PBXSourcesBuildPhase section */
		6E56630219D3A70B00BF4948 /* Sources */ = {
			isa = PBXSourcesBuildPhase;
			buildActionMask = 2147483647;
			files = (
				6E56630E19D3A70B00BF4948 /* ViewController.swift in Sources */,
				6E56630C19D3A70B00BF4948 /* AppDelegate.swift in Sources */,
			);
			runOnlyForDeploymentPostprocessing = 0;
		};
		6E56631419D3A70B00BF4948 /* Sources */ = {
			isa = PBXSourcesBuildPhase;
			buildActionMask = 2147483647;
			files = (
				6E56631F19D3A70B00BF4948 /* PostsTests.swift in Sources */,
			);
			runOnlyForDeploymentPostprocessing = 0;
		};
/* End PBXSourcesBuildPhase section */

/* Begin PBXTargetDependency section */
		6E56631A19D3A70B00BF4948 /* PBXTargetDependency */ = {
			isa = PBXTargetDependency;
			target = 6E56630519D3A70B00BF4948 /* Posts */;
			targetProxy = 6E56631919D3A70B00BF4948 /* PBXContainerItemProxy */;
		};
/* End PBXTargetDependency section */

/* Begin PBXVariantGroup section */
		6E56631119D3A70B00BF4948 /* Main.storyboard */ = {
			isa = PBXVariantGroup;
			children = (
				6E56631219D3A70B00BF4948 /* Base */,
			);
			name = Main.storyboard;
			sourceTree = "<group>";
		};
/* End PBXVariantGroup section */

/* Begin XCBuildConfiguration section */
		6E56632019D3A70B00BF4948 /* Debug */ = {
			isa = XCBuildConfiguration;
			buildSettings = {
				ALWAYS_SEARCH_USER_PATHS = NO;
				CLANG_CXX_LANGUAGE_STANDARD = "gnu++0x";
				CLANG_CXX_LIBRARY = "libc++";
				CLANG_ENABLE_MODULES = YES;
				CLANG_ENABLE_OBJC_ARC = YES;
				CLANG_WARN_BOOL_CONVERSION = YES;
				CLANG_WARN_CONSTANT_CONVERSION = YES;
				CLANG_WARN_DIRECT_OBJC_ISA_USAGE = YES_ERROR;
				CLANG_WARN_EMPTY_BODY = YES;
				CLANG_WARN_ENUM_CONVERSION = YES;
				CLANG_WARN_INT_CONVERSION = YES;
				CLANG_WARN_OBJC_ROOT_CLASS = YES_ERROR;
				CLANG_WARN_UNREACHABLE_CODE = YES;
				CLANG_WARN__DUPLICATE_METHOD_MATCH = YES;
				CODE_SIGN_IDENTITY = "-";
				COPY_PHASE_STRIP = NO;
				ENABLE_STRICT_OBJC_MSGSEND = YES;
				GCC_C_LANGUAGE_STANDARD = gnu99;
				GCC_DYNAMIC_NO_PIC = NO;
				GCC_OPTIMIZATION_LEVEL = 0;
				GCC_PREPROCESSOR_DEFINITIONS = (
					"DEBUG=1",
					"$(inherited)",
				);
				GCC_SYMBOLS_PRIVATE_EXTERN = NO;
				GCC_WARN_64_TO_32_BIT_CONVERSION = YES;
				GCC_WARN_ABOUT_RETURN_TYPE = YES_ERROR;
				GCC_WARN_UNDECLARED_SELECTOR = YES;
				GCC_WARN_UNINITIALIZED_AUTOS = YES_AGGRESSIVE;
				GCC_WARN_UNUSED_FUNCTION = YES;
				GCC_WARN_UNUSED_VARIABLE = YES;
				MACOSX_DEPLOYMENT_TARGET = 10.10;
				MTL_ENABLE_DEBUG_INFO = YES;
				ONLY_ACTIVE_ARCH = YES;
				SDKROOT = macosx;
				SWIFT_OPTIMIZATION_LEVEL = "-Onone";
			};
			name = Debug;
		};
		6E56632119D3A70B00BF4948 /* Release */ = {
			isa = XCBuildConfiguration;
			buildSettings = {
				ALWAYS_SEARCH_USER_PATHS = NO;
				CLANG_CXX_LANGUAGE_STANDARD = "gnu++0x";
				CLANG_CXX_LIBRARY = "libc++";
				CLANG_ENABLE_MODULES = YES;
				CLANG_ENABLE_OBJC_ARC = YES;
				CLANG_WARN_BOOL_CONVERSION = YES;
				CLANG_WARN_CONSTANT_CONVERSION = YES;
				CLANG_WARN_DIRECT_OBJC_ISA_USAGE = YES_ERROR;
				CLANG_WARN_EMPTY_BODY = YES;
				CLANG_WARN_ENUM_CONVERSION = YES;
				CLANG_WARN_INT_CONVERSION = YES;
				CLANG_WARN_OBJC_ROOT_CLASS = YES_ERROR;
				CLANG_WARN_UNREACHABLE_CODE = YES;
				CLANG_WARN__DUPLICATE_METHOD_MATCH = YES;
				CODE_SIGN_IDENTITY = "-";
				COPY_PHASE_STRIP = YES;
				DEBUG_INFORMATION_FORMAT = "dwarf-with-dsym";
				ENABLE_NS_ASSERTIONS = NO;
				ENABLE_STRICT_OBJC_MSGSEND = YES;
				GCC_C_LANGUAGE_STANDARD = gnu99;
				GCC_WARN_64_TO_32_BIT_CONVERSION = YES;
				GCC_WARN_ABOUT_RETURN_TYPE = YES_ERROR;
				GCC_WARN_UNDECLARED_SELECTOR = YES;
				GCC_WARN_UNINITIALIZED_AUTOS = YES_AGGRESSIVE;
				GCC_WARN_UNUSED_FUNCTION = YES;
				GCC_WARN_UNUSED_VARIABLE = YES;
				MACOSX_DEPLOYMENT_TARGET = 10.10;
				MTL_ENABLE_DEBUG_INFO = NO;
				SDKROOT = macosx;
			};
			name = Release;
		};
		6E56632319D3A70B00BF4948 /* Debug */ = {
			isa = XCBuildConfiguration;
			buildSettings = {
				ASSETCATALOG_COMPILER_APPICON_NAME = AppIcon;
				COMBINE_HIDPI_IMAGES = YES;
				INFOPLIST_FILE = Posts/Info.plist;
				LD_RUNPATH_SEARCH_PATHS = "$(inherited) @executable_path/../Frameworks";
				PRODUCT_NAME = "$(TARGET_NAME)";
			};
			name = Debug;
		};
		6E56632419D3A70B00BF4948 /* Release */ = {
			isa = XCBuildConfiguration;
			buildSettings = {
				ASSETCATALOG_COMPILER_APPICON_NAME = AppIcon;
				COMBINE_HIDPI_IMAGES = YES;
				INFOPLIST_FILE = Posts/Info.plist;
				LD_RUNPATH_SEARCH_PATHS = "$(inherited) @executable_path/../Frameworks";
				PRODUCT_NAME = "$(TARGET_NAME)";
			};
			name = Release;
		};
		6E56632619D3A70B00BF4948 /* Debug */ = {
			isa = XCBuildConfiguration;
			buildSettings = {
				BUNDLE_LOADER = "$(TEST_HOST)";
				COMBINE_HIDPI_IMAGES = YES;
				FRAMEWORK_SEARCH_PATHS = (
					"$(DEVELOPER_FRAMEWORKS_DIR)",
					"$(inherited)",
				);
				GCC_PREPROCESSOR_DEFINITIONS = (
					"DEBUG=1",
					"$(inherited)",
				);
				INFOPLIST_FILE = PostsTests/Info.plist;
				LD_RUNPATH_SEARCH_PATHS = "$(inherited) @executable_path/../Frameworks @loader_path/../Frameworks";
				PRODUCT_NAME = "$(TARGET_NAME)";
				TEST_HOST = "$(BUILT_PRODUCTS_DIR)/Posts.app/Contents/MacOS/Posts";
			};
			name = Debug;
		};
		6E56632719D3A70B00BF4948 /* Release */ = {
			isa = XCBuildConfiguration;
			buildSettings = {
				BUNDLE_LOADER = "$(TEST_HOST)";
				COMBINE_HIDPI_IMAGES = YES;
				FRAMEWORK_SEARCH_PATHS = (
					"$(DEVELOPER_FRAMEWORKS_DIR)",
					"$(inherited)",
				);
				INFOPLIST_FILE = PostsTests/Info.plist;
				LD_RUNPATH_SEARCH_PATHS = "$(inherited) @executable_path/../Frameworks @loader_path/../Frameworks";
				PRODUCT_NAME = "$(TARGET_NAME)";
				TEST_HOST = "$(BUILT_PRODUCTS_DIR)/Posts.app/Contents/MacOS/Posts";
			};
			name = Release;
		};
/* End XCBuildConfiguration section */

/* Begin XCConfigurationList section */
		6E56630119D3A70B00BF4948 /* Build configuration list for PBXProject "Posts" */ = {
			isa = XCConfigurationList;
			buildConfigurations = (
				6E56632019D3A70B00BF4948 /* Debug */,
				6E56632119D3A70B00BF4948 /* Release */,
			);
			defaultConfigurationIsVisible = 0;
			defaultConfigurationName = Release;
		};
		6E56632219D3A70B00BF4948 /* Build configuration list for PBXNativeTarget "Posts" */ = {
			isa = XCConfigurationList;
			buildConfigurations = (
				6E56632319D3A70B00BF4948 /* Debug */,
				6E56632419D3A70B00BF4948 /* Release */,
			);
			defaultConfigurationIsVisible = 0;
		};
		6E56632519D3A70B00BF4948 /* Build configuration list for PBXNativeTarget "PostsTests" */ = {
			isa = XCConfigurationList;
			buildConfigurations = (
				6E56632619D3A70B00BF4948 /* Debug */,
				6E56632719D3A70B00BF4948 /* Release */,
			);
			defaultConfigurationIsVisible = 0;
		};
/* End XCConfigurationList section */
	};
	rootObject = 6E5662FE19D3A70B00BF4948 /* Project object */;
}
