// !$*UTF8*$!
{
	archiveVersion = 1;
	classes = {
	};
	objectVersion = 46;
	objects = {

/* Begin PBXBuildFile section */
		6E56636919D3AA3700BF4948 /* AppDelegate.swift in Sources */ = {isa = PBXBuildFile; fileRef = 6E56636819D3AA3700BF4948 /* AppDelegate.swift */; };
		6E56636B19D3AA3700BF4948 /* ViewController.swift in Sources */ = {isa = PBXBuildFile; fileRef = 6E56636A19D3AA3700BF4948 /* ViewController.swift */; };
		6E56636D19D3AA3700BF4948 /* Images.xcassets in Resources */ = {isa = PBXBuildFile; fileRef = 6E56636C19D3AA3700BF4948 /* Images.xcassets */; };
		6E56637019D3AA3700BF4948 /* Main.storyboard in Resources */ = {isa = PBXBuildFile; fileRef = 6E56636E19D3AA3700BF4948 /* Main.storyboard */; };
		6E56637C19D3AA3700BF4948 /* PostsServerTests.swift in Sources */ = {isa = PBXBuildFile; fileRef = 6E56637B19D3AA3700BF4948 /* PostsServerTests.swift */; };
/* End PBXBuildFile section */

/* Begin PBXContainerItemProxy section */
		6E56637619D3AA3700BF4948 /* PBXContainerItemProxy */ = {
			isa = PBXContainerItemProxy;
			containerPortal = 6E56635B19D3AA3700BF4948 /* Project object */;
			proxyType = 1;
			remoteGlobalIDString = 6E56636219D3AA3700BF4948;
			remoteInfo = PostsServer;
		};
		6E56638A19D3AA5D00BF4948 /* PBXContainerItemProxy */ = {
			isa = PBXContainerItemProxy;
			containerPortal = 6E56638519D3AA5D00BF4948 /* CorePosts.xcodeproj */;
			proxyType = 2;
			remoteGlobalIDString = 6E56633E19D3A9DF00BF4948;
			remoteInfo = CorePosts;
		};
		6E56638C19D3AA5D00BF4948 /* PBXContainerItemProxy */ = {
			isa = PBXContainerItemProxy;
			containerPortal = 6E56638519D3AA5D00BF4948 /* CorePosts.xcodeproj */;
			proxyType = 2;
			remoteGlobalIDString = 6E56634919D3A9DF00BF4948;
			remoteInfo = CorePostsTests;
		};
/* End PBXContainerItemProxy section */

/* Begin PBXFileReference section */
		6E56636319D3AA3700BF4948 /* PostsServer.app */ = {isa = PBXFileReference; explicitFileType = wrapper.application; includeInIndex = 0; path = PostsServer.app; sourceTree = BUILT_PRODUCTS_DIR; };
		6E56636719D3AA3700BF4948 /* Info.plist */ = {isa = PBXFileReference; lastKnownFileType = text.plist.xml; path = Info.plist; sourceTree = "<group>"; };
		6E56636819D3AA3700BF4948 /* AppDelegate.swift */ = {isa = PBXFileReference; lastKnownFileType = sourcecode.swift; path = AppDelegate.swift; sourceTree = "<group>"; };
		6E56636A19D3AA3700BF4948 /* ViewController.swift */ = {isa = PBXFileReference; lastKnownFileType = sourcecode.swift; path = ViewController.swift; sourceTree = "<group>"; };
		6E56636C19D3AA3700BF4948 /* Images.xcassets */ = {isa = PBXFileReference; lastKnownFileType = folder.assetcatalog; path = Images.xcassets; sourceTree = "<group>"; };
		6E56636F19D3AA3700BF4948 /* Base */ = {isa = PBXFileReference; lastKnownFileType = file.storyboard; name = Base; path = Base.lproj/Main.storyboard; sourceTree = "<group>"; };
		6E56637519D3AA3700BF4948 /* PostsServerTests.xctest */ = {isa = PBXFileReference; explicitFileType = wrapper.cfbundle; includeInIndex = 0; path = PostsServerTests.xctest; sourceTree = BUILT_PRODUCTS_DIR; };
		6E56637A19D3AA3700BF4948 /* Info.plist */ = {isa = PBXFileReference; lastKnownFileType = text.plist.xml; path = Info.plist; sourceTree = "<group>"; };
		6E56637B19D3AA3700BF4948 /* PostsServerTests.swift */ = {isa = PBXFileReference; lastKnownFileType = sourcecode.swift; path = PostsServerTests.swift; sourceTree = "<group>"; };
		6E56638519D3AA5D00BF4948 /* CorePosts.xcodeproj */ = {isa = PBXFileReference; lastKnownFileType = "wrapper.pb-project"; name = CorePosts.xcodeproj; path = ../../Shared/CorePosts/CorePosts.xcodeproj; sourceTree = "<group>"; };
/* End PBXFileReference section */

/* Begin PBXFrameworksBuildPhase section */
		6E56636019D3AA3700BF4948 /* Frameworks */ = {
			isa = PBXFrameworksBuildPhase;
			buildActionMask = 2147483647;
			files = (
			);
			runOnlyForDeploymentPostprocessing = 0;
		};
		6E56637219D3AA3700BF4948 /* Frameworks */ = {
			isa = PBXFrameworksBuildPhase;
			buildActionMask = 2147483647;
			files = (
			);
			runOnlyForDeploymentPostprocessing = 0;
		};
/* End PBXFrameworksBuildPhase section */

/* Begin PBXGroup section */
		6E56635A19D3AA3700BF4948 = {
			isa = PBXGroup;
			children = (
				6E56638519D3AA5D00BF4948 /* CorePosts.xcodeproj */,
				6E56636519D3AA3700BF4948 /* PostsServer */,
				6E56637819D3AA3700BF4948 /* PostsServerTests */,
				6E56636419D3AA3700BF4948 /* Products */,
			);
			sourceTree = "<group>";
		};
		6E56636419D3AA3700BF4948 /* Products */ = {
			isa = PBXGroup;
			children = (
				6E56636319D3AA3700BF4948 /* PostsServer.app */,
				6E56637519D3AA3700BF4948 /* PostsServerTests.xctest */,
			);
			name = Products;
			sourceTree = "<group>";
		};
		6E56636519D3AA3700BF4948 /* PostsServer */ = {
			isa = PBXGroup;
			children = (
				6E56636819D3AA3700BF4948 /* AppDelegate.swift */,
				6E56636A19D3AA3700BF4948 /* ViewController.swift */,
				6E56636C19D3AA3700BF4948 /* Images.xcassets */,
				6E56636E19D3AA3700BF4948 /* Main.storyboard */,
				6E56636619D3AA3700BF4948 /* Supporting Files */,
			);
			path = PostsServer;
			sourceTree = "<group>";
		};
		6E56636619D3AA3700BF4948 /* Supporting Files */ = {
			isa = PBXGroup;
			children = (
				6E56636719D3AA3700BF4948 /* Info.plist */,
			);
			name = "Supporting Files";
			sourceTree = "<group>";
		};
		6E56637819D3AA3700BF4948 /* PostsServerTests */ = {
			isa = PBXGroup;
			children = (
				6E56637B19D3AA3700BF4948 /* PostsServerTests.swift */,
				6E56637919D3AA3700BF4948 /* Supporting Files */,
			);
			path = PostsServerTests;
			sourceTree = "<group>";
		};
		6E56637919D3AA3700BF4948 /* Supporting Files */ = {
			isa = PBXGroup;
			children = (
				6E56637A19D3AA3700BF4948 /* Info.plist */,
			);
			name = "Supporting Files";
			sourceTree = "<group>";
		};
		6E56638619D3AA5D00BF4948 /* Products */ = {
			isa = PBXGroup;
			children = (
				6E56638B19D3AA5D00BF4948 /* CorePosts.framework */,
				6E56638D19D3AA5D00BF4948 /* CorePostsTests.xctest */,
			);
			name = Products;
			sourceTree = "<group>";
		};
/* End PBXGroup section */

/* Begin PBXNativeTarget section */
		6E56636219D3AA3700BF4948 /* PostsServer */ = {
			isa = PBXNativeTarget;
			buildConfigurationList = 6E56637F19D3AA3700BF4948 /* Build configuration list for PBXNativeTarget "PostsServer" */;
			buildPhases = (
				6E56635F19D3AA3700BF4948 /* Sources */,
				6E56636019D3AA3700BF4948 /* Frameworks */,
				6E56636119D3AA3700BF4948 /* Resources */,
			);
			buildRules = (
			);
			dependencies = (
			);
			name = PostsServer;
			productName = PostsServer;
			productReference = 6E56636319D3AA3700BF4948 /* PostsServer.app */;
			productType = "com.apple.product-type.application";
		};
		6E56637419D3AA3700BF4948 /* PostsServerTests */ = {
			isa = PBXNativeTarget;
			buildConfigurationList = 6E56638219D3AA3700BF4948 /* Build configuration list for PBXNativeTarget "PostsServerTests" */;
			buildPhases = (
				6E56637119D3AA3700BF4948 /* Sources */,
				6E56637219D3AA3700BF4948 /* Frameworks */,
				6E56637319D3AA3700BF4948 /* Resources */,
			);
			buildRules = (
			);
			dependencies = (
				6E56637719D3AA3700BF4948 /* PBXTargetDependency */,
			);
			name = PostsServerTests;
			productName = PostsServerTests;
			productReference = 6E56637519D3AA3700BF4948 /* PostsServerTests.xctest */;
			productType = "com.apple.product-type.bundle.unit-test";
		};
/* End PBXNativeTarget section */

/* Begin PBXProject section */
		6E56635B19D3AA3700BF4948 /* Project object */ = {
			isa = PBXProject;
			attributes = {
				LastUpgradeCheck = 0610;
				ORGANIZATIONNAME = ColemanCDA;
				TargetAttributes = {
					6E56636219D3AA3700BF4948 = {
						CreatedOnToolsVersion = 6.1;
					};
					6E56637419D3AA3700BF4948 = {
						CreatedOnToolsVersion = 6.1;
						TestTargetID = 6E56636219D3AA3700BF4948;
					};
				};
			};
			buildConfigurationList = 6E56635E19D3AA3700BF4948 /* Build configuration list for PBXProject "PostsServer" */;
			compatibilityVersion = "Xcode 3.2";
			developmentRegion = English;
			hasScannedForEncodings = 0;
			knownRegions = (
				en,
				Base,
			);
			mainGroup = 6E56635A19D3AA3700BF4948;
			productRefGroup = 6E56636419D3AA3700BF4948 /* Products */;
			projectDirPath = "";
			projectReferences = (
				{
					ProductGroup = 6E56638619D3AA5D00BF4948 /* Products */;
					ProjectRef = 6E56638519D3AA5D00BF4948 /* CorePosts.xcodeproj */;
				},
			);
			projectRoot = "";
			targets = (
				6E56636219D3AA3700BF4948 /* PostsServer */,
				6E56637419D3AA3700BF4948 /* PostsServerTests */,
			);
		};
/* End PBXProject section */

/* Begin PBXReferenceProxy section */
		6E56638B19D3AA5D00BF4948 /* CorePosts.framework */ = {
			isa = PBXReferenceProxy;
			fileType = wrapper.framework;
			path = CorePosts.framework;
			remoteRef = 6E56638A19D3AA5D00BF4948 /* PBXContainerItemProxy */;
			sourceTree = BUILT_PRODUCTS_DIR;
		};
		6E56638D19D3AA5D00BF4948 /* CorePostsTests.xctest */ = {
			isa = PBXReferenceProxy;
			fileType = wrapper.cfbundle;
			path = CorePostsTests.xctest;
			remoteRef = 6E56638C19D3AA5D00BF4948 /* PBXContainerItemProxy */;
			sourceTree = BUILT_PRODUCTS_DIR;
		};
/* End PBXReferenceProxy section */

/* Begin PBXResourcesBuildPhase section */
		6E56636119D3AA3700BF4948 /* Resources */ = {
			isa = PBXResourcesBuildPhase;
			buildActionMask = 2147483647;
			files = (
				6E56636D19D3AA3700BF4948 /* Images.xcassets in Resources */,
				6E56637019D3AA3700BF4948 /* Main.storyboard in Resources */,
			);
			runOnlyForDeploymentPostprocessing = 0;
		};
		6E56637319D3AA3700BF4948 /* Resources */ = {
			isa = PBXResourcesBuildPhase;
			buildActionMask = 2147483647;
			files = (
			);
			runOnlyForDeploymentPostprocessing = 0;
		};
/* End PBXResourcesBuildPhase section */

/* Begin PBXSourcesBuildPhase section */
		6E56635F19D3AA3700BF4948 /* Sources */ = {
			isa = PBXSourcesBuildPhase;
			buildActionMask = 2147483647;
			files = (
				6E56636B19D3AA3700BF4948 /* ViewController.swift in Sources */,
				6E56636919D3AA3700BF4948 /* AppDelegate.swift in Sources */,
			);
			runOnlyForDeploymentPostprocessing = 0;
		};
		6E56637119D3AA3700BF4948 /* Sources */ = {
			isa = PBXSourcesBuildPhase;
			buildActionMask = 2147483647;
			files = (
				6E56637C19D3AA3700BF4948 /* PostsServerTests.swift in Sources */,
			);
			runOnlyForDeploymentPostprocessing = 0;
		};
/* End PBXSourcesBuildPhase section */

/* Begin PBXTargetDependency section */
		6E56637719D3AA3700BF4948 /* PBXTargetDependency */ = {
			isa = PBXTargetDependency;
			target = 6E56636219D3AA3700BF4948 /* PostsServer */;
			targetProxy = 6E56637619D3AA3700BF4948 /* PBXContainerItemProxy */;
		};
/* End PBXTargetDependency section */

/* Begin PBXVariantGroup section */
		6E56636E19D3AA3700BF4948 /* Main.storyboard */ = {
			isa = PBXVariantGroup;
			children = (
				6E56636F19D3AA3700BF4948 /* Base */,
			);
			name = Main.storyboard;
			sourceTree = "<group>";
		};
/* End PBXVariantGroup section */

/* Begin XCBuildConfiguration section */
		6E56637D19D3AA3700BF4948 /* Debug */ = {
			isa = XCBuildConfiguration;
			buildSettings = {
				ALWAYS_SEARCH_USER_PATHS = NO;
				CLANG_CXX_LANGUAGE_STANDARD = "gnu++0x";
				CLANG_CXX_LIBRARY = "libc++";
				CLANG_ENABLE_MODULES = YES;
				CLANG_ENABLE_OBJC_ARC = YES;
				CLANG_WARN_BOOL_CONVERSION = YES;
				CLANG_WARN_CONSTANT_CONVERSION = YES;
				CLANG_WARN_DIRECT_OBJC_ISA_USAGE = YES_ERROR;
				CLANG_WARN_EMPTY_BODY = YES;
				CLANG_WARN_ENUM_CONVERSION = YES;
				CLANG_WARN_INT_CONVERSION = YES;
				CLANG_WARN_OBJC_ROOT_CLASS = YES_ERROR;
				CLANG_WARN_UNREACHABLE_CODE = YES;
				CLANG_WARN__DUPLICATE_METHOD_MATCH = YES;
				CODE_SIGN_IDENTITY = "-";
				COPY_PHASE_STRIP = NO;
				ENABLE_STRICT_OBJC_MSGSEND = YES;
				GCC_C_LANGUAGE_STANDARD = gnu99;
				GCC_DYNAMIC_NO_PIC = NO;
				GCC_OPTIMIZATION_LEVEL = 0;
				GCC_PREPROCESSOR_DEFINITIONS = (
					"DEBUG=1",
					"$(inherited)",
				);
				GCC_SYMBOLS_PRIVATE_EXTERN = NO;
				GCC_WARN_64_TO_32_BIT_CONVERSION = YES;
				GCC_WARN_ABOUT_RETURN_TYPE = YES_ERROR;
				GCC_WARN_UNDECLARED_SELECTOR = YES;
				GCC_WARN_UNINITIALIZED_AUTOS = YES_AGGRESSIVE;
				GCC_WARN_UNUSED_FUNCTION = YES;
				GCC_WARN_UNUSED_VARIABLE = YES;
				MACOSX_DEPLOYMENT_TARGET = 10.10;
				MTL_ENABLE_DEBUG_INFO = YES;
				ONLY_ACTIVE_ARCH = YES;
				SDKROOT = macosx;
				SWIFT_OPTIMIZATION_LEVEL = "-Onone";
			};
			name = Debug;
		};
		6E56637E19D3AA3700BF4948 /* Release */ = {
			isa = XCBuildConfiguration;
			buildSettings = {
				ALWAYS_SEARCH_USER_PATHS = NO;
				CLANG_CXX_LANGUAGE_STANDARD = "gnu++0x";
				CLANG_CXX_LIBRARY = "libc++";
				CLANG_ENABLE_MODULES = YES;
				CLANG_ENABLE_OBJC_ARC = YES;
				CLANG_WARN_BOOL_CONVERSION = YES;
				CLANG_WARN_CONSTANT_CONVERSION = YES;
				CLANG_WARN_DIRECT_OBJC_ISA_USAGE = YES_ERROR;
				CLANG_WARN_EMPTY_BODY = YES;
				CLANG_WARN_ENUM_CONVERSION = YES;
				CLANG_WARN_INT_CONVERSION = YES;
				CLANG_WARN_OBJC_ROOT_CLASS = YES_ERROR;
				CLANG_WARN_UNREACHABLE_CODE = YES;
				CLANG_WARN__DUPLICATE_METHOD_MATCH = YES;
				CODE_SIGN_IDENTITY = "-";
				COPY_PHASE_STRIP = YES;
				DEBUG_INFORMATION_FORMAT = "dwarf-with-dsym";
				ENABLE_NS_ASSERTIONS = NO;
				ENABLE_STRICT_OBJC_MSGSEND = YES;
				GCC_C_LANGUAGE_STANDARD = gnu99;
				GCC_WARN_64_TO_32_BIT_CONVERSION = YES;
				GCC_WARN_ABOUT_RETURN_TYPE = YES_ERROR;
				GCC_WARN_UNDECLARED_SELECTOR = YES;
				GCC_WARN_UNINITIALIZED_AUTOS = YES_AGGRESSIVE;
				GCC_WARN_UNUSED_FUNCTION = YES;
				GCC_WARN_UNUSED_VARIABLE = YES;
				MACOSX_DEPLOYMENT_TARGET = 10.10;
				MTL_ENABLE_DEBUG_INFO = NO;
				SDKROOT = macosx;
			};
			name = Release;
		};
		6E56638019D3AA3700BF4948 /* Debug */ = {
			isa = XCBuildConfiguration;
			buildSettings = {
				ASSETCATALOG_COMPILER_APPICON_NAME = AppIcon;
				COMBINE_HIDPI_IMAGES = YES;
				INFOPLIST_FILE = PostsServer/Info.plist;
				LD_RUNPATH_SEARCH_PATHS = "$(inherited) @executable_path/../Frameworks";
				PRODUCT_NAME = "$(TARGET_NAME)";
			};
			name = Debug;
		};
		6E56638119D3AA3700BF4948 /* Release */ = {
			isa = XCBuildConfiguration;
			buildSettings = {
				ASSETCATALOG_COMPILER_APPICON_NAME = AppIcon;
				COMBINE_HIDPI_IMAGES = YES;
				INFOPLIST_FILE = PostsServer/Info.plist;
				LD_RUNPATH_SEARCH_PATHS = "$(inherited) @executable_path/../Frameworks";
				PRODUCT_NAME = "$(TARGET_NAME)";
			};
			name = Release;
		};
		6E56638319D3AA3700BF4948 /* Debug */ = {
			isa = XCBuildConfiguration;
			buildSettings = {
				BUNDLE_LOADER = "$(TEST_HOST)";
				COMBINE_HIDPI_IMAGES = YES;
				FRAMEWORK_SEARCH_PATHS = (
					"$(DEVELOPER_FRAMEWORKS_DIR)",
					"$(inherited)",
				);
				GCC_PREPROCESSOR_DEFINITIONS = (
					"DEBUG=1",
					"$(inherited)",
				);
				INFOPLIST_FILE = PostsServerTests/Info.plist;
				LD_RUNPATH_SEARCH_PATHS = "$(inherited) @executable_path/../Frameworks @loader_path/../Frameworks";
				PRODUCT_NAME = "$(TARGET_NAME)";
				TEST_HOST = "$(BUILT_PRODUCTS_DIR)/PostsServer.app/Contents/MacOS/PostsServer";
			};
			name = Debug;
		};
		6E56638419D3AA3700BF4948 /* Release */ = {
			isa = XCBuildConfiguration;
			buildSettings = {
				BUNDLE_LOADER = "$(TEST_HOST)";
				COMBINE_HIDPI_IMAGES = YES;
				FRAMEWORK_SEARCH_PATHS = (
					"$(DEVELOPER_FRAMEWORKS_DIR)",
					"$(inherited)",
				);
				INFOPLIST_FILE = PostsServerTests/Info.plist;
				LD_RUNPATH_SEARCH_PATHS = "$(inherited) @executable_path/../Frameworks @loader_path/../Frameworks";
				PRODUCT_NAME = "$(TARGET_NAME)";
				TEST_HOST = "$(BUILT_PRODUCTS_DIR)/PostsServer.app/Contents/MacOS/PostsServer";
			};
			name = Release;
		};
/* End XCBuildConfiguration section */

/* Begin XCConfigurationList section */
		6E56635E19D3AA3700BF4948 /* Build configuration list for PBXProject "PostsServer" */ = {
			isa = XCConfigurationList;
			buildConfigurations = (
				6E56637D19D3AA3700BF4948 /* Debug */,
				6E56637E19D3AA3700BF4948 /* Release */,
			);
			defaultConfigurationIsVisible = 0;
			defaultConfigurationName = Release;
		};
		6E56637F19D3AA3700BF4948 /* Build configuration list for PBXNativeTarget "PostsServer" */ = {
			isa = XCConfigurationList;
			buildConfigurations = (
				6E56638019D3AA3700BF4948 /* Debug */,
				6E56638119D3AA3700BF4948 /* Release */,
			);
			defaultConfigurationIsVisible = 0;
			defaultConfigurationName = Release;
		};
		6E56638219D3AA3700BF4948 /* Build configuration list for PBXNativeTarget "PostsServerTests" */ = {
			isa = XCConfigurationList;
			buildConfigurations = (
				6E56638319D3AA3700BF4948 /* Debug */,
				6E56638419D3AA3700BF4948 /* Release */,
			);
			defaultConfigurationIsVisible = 0;
			defaultConfigurationName = Release;
		};
/* End XCConfigurationList section */
	};
	rootObject = 6E56635B19D3AA3700BF4948 /* Project object */;
}
