// !$*UTF8*$!
{
	archiveVersion = 1;
	classes = {
	};
	objectVersion = 46;
	objects = {

/* Begin PBXBuildFile section */
		6E58F2FB19EAFA4300265AE6 /* CorePosts.framework in Frameworks */ = {isa = PBXBuildFile; fileRef = 6E58F2F319EAFA0B00265AE6 /* CorePosts.framework */; };
		6E58F2FD19EAFBAE00265AE6 /* PostsServerDeamon in CopyFiles */ = {isa = PBXBuildFile; fileRef = 6E73DB0B19EAF90800826F55 /* PostsServerDeamon */; settings = {ATTRIBUTES = (CodeSignOnCopy, ); }; };
		6E73DB0E19EAF90800826F55 /* main.swift in Sources */ = {isa = PBXBuildFile; fileRef = 6E73DB0D19EAF90800826F55 /* main.swift */; };
		6E73DB1319EAF91F00826F55 /* ServerManager.swift in Sources */ = {isa = PBXBuildFile; fileRef = 6E73DB1219EAF91F00826F55 /* ServerManager.swift */; };
		6E73DB5119EAF98D00826F55 /* CocoaAsyncSocket.framework in Frameworks */ = {isa = PBXBuildFile; fileRef = 6E73DB3C19EAF93C00826F55 /* CocoaAsyncSocket.framework */; };
		6E73DB5219EAF98D00826F55 /* CocoaHTTPServer.framework in Frameworks */ = {isa = PBXBuildFile; fileRef = 6E73DB3419EAF93C00826F55 /* CocoaHTTPServer.framework */; };
		6E73DB5319EAF98D00826F55 /* CocoaLumberjack.framework in Frameworks */ = {isa = PBXBuildFile; fileRef = 6E73DB4419EAF93C00826F55 /* CocoaLumberjack.framework */; };
		6E73DB5419EAF98D00826F55 /* NetworkObjects.framework in Frameworks */ = {isa = PBXBuildFile; fileRef = 6E73DB2619EAF93C00826F55 /* NetworkObjects.framework */; };
		6E73DB5519EAF98D00826F55 /* RoutingHTTPServer.framework in Frameworks */ = {isa = PBXBuildFile; fileRef = 6E73DB2C19EAF93C00826F55 /* RoutingHTTPServer.framework */; };
		6E73DB6519EAF9E300826F55 /* NetworkObjects.framework in CopyFiles */ = {isa = PBXBuildFile; fileRef = 6E73DB2619EAF93C00826F55 /* NetworkObjects.framework */; settings = {ATTRIBUTES = (CodeSignOnCopy, RemoveHeadersOnCopy, ); }; };
		6EFCCE4E19EAFF4800889B72 /* CocoaAsyncSocket.framework in CopyFiles */ = {isa = PBXBuildFile; fileRef = 6E73DB3C19EAF93C00826F55 /* CocoaAsyncSocket.framework */; settings = {ATTRIBUTES = (CodeSignOnCopy, RemoveHeadersOnCopy, ); }; };
		6EFCCE4F19EAFF4800889B72 /* CocoaHTTPServer.framework in CopyFiles */ = {isa = PBXBuildFile; fileRef = 6E73DB3419EAF93C00826F55 /* CocoaHTTPServer.framework */; settings = {ATTRIBUTES = (CodeSignOnCopy, RemoveHeadersOnCopy, ); }; };
		6EFCCE5019EAFF4900889B72 /* RoutingHTTPServer.framework in CopyFiles */ = {isa = PBXBuildFile; fileRef = 6E73DB2C19EAF93C00826F55 /* RoutingHTTPServer.framework */; settings = {ATTRIBUTES = (CodeSignOnCopy, RemoveHeadersOnCopy, ); }; };
		6EFCCE5119EAFF4900889B72 /* CorePosts.framework in CopyFiles */ = {isa = PBXBuildFile; fileRef = 6E58F2F319EAFA0B00265AE6 /* CorePosts.framework */; settings = {ATTRIBUTES = (CodeSignOnCopy, RemoveHeadersOnCopy, ); }; };
/* End PBXBuildFile section */

/* Begin PBXContainerItemProxy section */
		6E58F2F219EAFA0B00265AE6 /* PBXContainerItemProxy */ = {
			isa = PBXContainerItemProxy;
			containerPortal = 6E73DAE719EAF0A400826F55 /* CorePosts.xcodeproj */;
			proxyType = 2;
			remoteGlobalIDString = 6E56633E19D3A9DF00BF4948;
			remoteInfo = CorePosts;
		};
		6E58F2F419EAFA0B00265AE6 /* PBXContainerItemProxy */ = {
			isa = PBXContainerItemProxy;
			containerPortal = 6E73DAE719EAF0A400826F55 /* CorePosts.xcodeproj */;
			proxyType = 2;
			remoteGlobalIDString = 6E56634919D3A9DF00BF4948;
			remoteInfo = CorePostsTests;
		};
		6E58F2F919EAFA4000265AE6 /* PBXContainerItemProxy */ = {
			isa = PBXContainerItemProxy;
			containerPortal = 6E73DAE719EAF0A400826F55 /* CorePosts.xcodeproj */;
			proxyType = 1;
			remoteGlobalIDString = 6E56633D19D3A9DF00BF4948;
			remoteInfo = CorePosts;
		};
		6E58F30619EAFCBD00265AE6 /* PBXContainerItemProxy */ = {
			isa = PBXContainerItemProxy;
			containerPortal = 6E73DAE619EAF0A400826F55 /* NetworkObjects.xcodeproj */;
			proxyType = 1;
			remoteGlobalIDString = 6EAD584519C3B58300DC080A;
			remoteInfo = NetworkObjects;
		};
		6E73DB2519EAF93C00826F55 /* PBXContainerItemProxy */ = {
			isa = PBXContainerItemProxy;
			containerPortal = 6E73DAE619EAF0A400826F55 /* NetworkObjects.xcodeproj */;
			proxyType = 2;
			remoteGlobalIDString = 6EAD584619C3B58300DC080A;
			remoteInfo = NetworkObjects;
		};
		6E73DB2719EAF93C00826F55 /* PBXContainerItemProxy */ = {
			isa = PBXContainerItemProxy;
			containerPortal = 6E73DAE619EAF0A400826F55 /* NetworkObjects.xcodeproj */;
			proxyType = 2;
			remoteGlobalIDString = 6EAD585119C3B58300DC080A;
			remoteInfo = NetworkObjectsTests;
		};
		6E73DB2B19EAF93C00826F55 /* PBXContainerItemProxy */ = {
			isa = PBXContainerItemProxy;
			containerPortal = 6E73DAE519EAF0A400826F55 /* RoutingHTTPServer.xcodeproj */;
			proxyType = 2;
			remoteGlobalIDString = 6EC750FF19C40645009F0E00;
			remoteInfo = RoutingHTTPServer;
		};
		6E73DB2D19EAF93C00826F55 /* PBXContainerItemProxy */ = {
			isa = PBXContainerItemProxy;
			containerPortal = 6E73DAE519EAF0A400826F55 /* RoutingHTTPServer.xcodeproj */;
			proxyType = 2;
			remoteGlobalIDString = 6EC7510A19C40645009F0E00;
			remoteInfo = RoutingHTTPServerTests;
		};
		6E73DB3319EAF93C00826F55 /* PBXContainerItemProxy */ = {
			isa = PBXContainerItemProxy;
			containerPortal = 6E73DAE419EAF0A400826F55 /* CocoaHTTPServer.xcodeproj */;
			proxyType = 2;
			remoteGlobalIDString = 6EF631E519C4178D006FBD89;
			remoteInfo = CocoaHTTPServer;
		};
		6E73DB3519EAF93C00826F55 /* PBXContainerItemProxy */ = {
			isa = PBXContainerItemProxy;
			containerPortal = 6E73DAE419EAF0A400826F55 /* CocoaHTTPServer.xcodeproj */;
			proxyType = 2;
			remoteGlobalIDString = 6EF631F019C4178D006FBD89;
			remoteInfo = CocoaHTTPServerTests;
		};
		6E73DB3B19EAF93C00826F55 /* PBXContainerItemProxy */ = {
			isa = PBXContainerItemProxy;
			containerPortal = 6E73DAE319EAF0A400826F55 /* CocoaAsyncSocket.xcodeproj */;
			proxyType = 2;
			remoteGlobalIDString = 6EC7514019C4116E009F0E00;
			remoteInfo = CocoaAsyncSocket;
		};
		6E73DB3D19EAF93C00826F55 /* PBXContainerItemProxy */ = {
			isa = PBXContainerItemProxy;
			containerPortal = 6E73DAE319EAF0A400826F55 /* CocoaAsyncSocket.xcodeproj */;
			proxyType = 2;
			remoteGlobalIDString = 6EC7514B19C4116E009F0E00;
			remoteInfo = CocoaAsyncSocketTests;
		};
		6E73DB4319EAF93C00826F55 /* PBXContainerItemProxy */ = {
			isa = PBXContainerItemProxy;
			containerPortal = 6E73DAE219EAF0A400826F55 /* Lumberjack.xcodeproj */;
			proxyType = 2;
			remoteGlobalIDString = DCB3185114EB418E001CFBEE;
			remoteInfo = CocoaLumberjack;
		};
		6E73DB4519EAF93C00826F55 /* PBXContainerItemProxy */ = {
			isa = PBXContainerItemProxy;
			containerPortal = 6E73DAE219EAF0A400826F55 /* Lumberjack.xcodeproj */;
			proxyType = 2;
			remoteGlobalIDString = DCB318CA14ED6C3B001CFBEE;
			remoteInfo = FmwkTest;
		};
		6E73DB4719EAF96C00826F55 /* PBXContainerItemProxy */ = {
			isa = PBXContainerItemProxy;
			containerPortal = 6E73DAE219EAF0A400826F55 /* Lumberjack.xcodeproj */;
			proxyType = 1;
			remoteGlobalIDString = DCB3185014EB418E001CFBEE;
			remoteInfo = CocoaLumberjack;
		};
		6E73DB4919EAF96C00826F55 /* PBXContainerItemProxy */ = {
			isa = PBXContainerItemProxy;
			containerPortal = 6E73DAE319EAF0A400826F55 /* CocoaAsyncSocket.xcodeproj */;
			proxyType = 1;
			remoteGlobalIDString = 6EC7513F19C4116E009F0E00;
			remoteInfo = CocoaAsyncSocket;
		};
		6E73DB4B19EAF96C00826F55 /* PBXContainerItemProxy */ = {
			isa = PBXContainerItemProxy;
			containerPortal = 6E73DAE419EAF0A400826F55 /* CocoaHTTPServer.xcodeproj */;
			proxyType = 1;
			remoteGlobalIDString = 6EF631E419C4178D006FBD89;
			remoteInfo = CocoaHTTPServer;
		};
		6E73DB4D19EAF96C00826F55 /* PBXContainerItemProxy */ = {
			isa = PBXContainerItemProxy;
			containerPortal = 6E73DAE519EAF0A400826F55 /* RoutingHTTPServer.xcodeproj */;
			proxyType = 1;
			remoteGlobalIDString = 6EC750FE19C40645009F0E00;
			remoteInfo = RoutingHTTPServer;
		};
		6E73DB4F19EAF96C00826F55 /* PBXContainerItemProxy */ = {
			isa = PBXContainerItemProxy;
			containerPortal = 6E73DAE619EAF0A400826F55 /* NetworkObjects.xcodeproj */;
			proxyType = 1;
			remoteGlobalIDString = 6EAD584519C3B58300DC080A;
			remoteInfo = NetworkObjects;
		};
		6E73DB5819EAF9A900826F55 /* PBXContainerItemProxy */ = {
			isa = PBXContainerItemProxy;
			containerPortal = 6E73DAD019EAF05300826F55 /* Project object */;
			proxyType = 1;
			remoteGlobalIDString = 6E73DB0A19EAF90800826F55;
			remoteInfo = PostsServerDeamon;
		};
		6EFCCE5219EAFF5300889B72 /* PBXContainerItemProxy */ = {
			isa = PBXContainerItemProxy;
			containerPortal = 6E73DAE319EAF0A400826F55 /* CocoaAsyncSocket.xcodeproj */;
			proxyType = 1;
			remoteGlobalIDString = 6EC7513F19C4116E009F0E00;
			remoteInfo = CocoaAsyncSocket;
		};
		6EFCCE5419EAFF5300889B72 /* PBXContainerItemProxy */ = {
			isa = PBXContainerItemProxy;
			containerPortal = 6E73DAE419EAF0A400826F55 /* CocoaHTTPServer.xcodeproj */;
			proxyType = 1;
			remoteGlobalIDString = 6EF631E419C4178D006FBD89;
			remoteInfo = CocoaHTTPServer;
		};
		6EFCCE5619EAFF5300889B72 /* PBXContainerItemProxy */ = {
			isa = PBXContainerItemProxy;
			containerPortal = 6E73DAE519EAF0A400826F55 /* RoutingHTTPServer.xcodeproj */;
			proxyType = 1;
			remoteGlobalIDString = 6EC750FE19C40645009F0E00;
			remoteInfo = RoutingHTTPServer;
		};
		6EFCCE5819EAFF5300889B72 /* PBXContainerItemProxy */ = {
			isa = PBXContainerItemProxy;
			containerPortal = 6E73DAE719EAF0A400826F55 /* CorePosts.xcodeproj */;
			proxyType = 1;
			remoteGlobalIDString = 6E56633D19D3A9DF00BF4948;
			remoteInfo = CorePosts;
		};
/* End PBXContainerItemProxy section */

/* Begin PBXCopyFilesBuildPhase section */
		6E58F2FC19EAFB9E00265AE6 /* CopyFiles */ = {
			isa = PBXCopyFilesBuildPhase;
			buildActionMask = 2147483647;
			dstPath = "";
			dstSubfolderSpec = 6;
			files = (
				6E58F2FD19EAFBAE00265AE6 /* PostsServerDeamon in CopyFiles */,
			);
			runOnlyForDeploymentPostprocessing = 0;
		};
		6E73DAF519EAF79100826F55 /* CopyFiles */ = {
			isa = PBXCopyFilesBuildPhase;
			buildActionMask = 2147483647;
			dstPath = "";
			dstSubfolderSpec = 10;
			files = (
				6EFCCE4E19EAFF4800889B72 /* CocoaAsyncSocket.framework in CopyFiles */,
				6EFCCE4F19EAFF4800889B72 /* CocoaHTTPServer.framework in CopyFiles */,
				6EFCCE5019EAFF4900889B72 /* RoutingHTTPServer.framework in CopyFiles */,
				6EFCCE5119EAFF4900889B72 /* CorePosts.framework in CopyFiles */,
				6E73DB6519EAF9E300826F55 /* NetworkObjects.framework in CopyFiles */,
			);
			runOnlyForDeploymentPostprocessing = 0;
		};
		6E73DB0919EAF90800826F55 /* CopyFiles */ = {
			isa = PBXCopyFilesBuildPhase;
			buildActionMask = 2147483647;
			dstPath = /usr/share/man/man1/;
			dstSubfolderSpec = 0;
			files = (
			);
			runOnlyForDeploymentPostprocessing = 1;
		};
/* End PBXCopyFilesBuildPhase section */

/* Begin PBXFileReference section */
		6E73DAD819EAF05300826F55 /* PostsServer.bundle */ = {isa = PBXFileReference; explicitFileType = wrapper.cfbundle; includeInIndex = 0; path = PostsServer.bundle; sourceTree = BUILT_PRODUCTS_DIR; };
		6E73DADC19EAF05300826F55 /* Info.plist */ = {isa = PBXFileReference; lastKnownFileType = text.plist.xml; path = Info.plist; sourceTree = "<group>"; };
		6E73DAE219EAF0A400826F55 /* Lumberjack.xcodeproj */ = {isa = PBXFileReference; lastKnownFileType = "wrapper.pb-project"; name = Lumberjack.xcodeproj; path = ../../NetworkObjects/RoutingHTTPServer/External/CocoaHTTPServer/CocoaAsyncSocket/CocoaLumberjack/Framework/Desktop/Lumberjack.xcodeproj; sourceTree = "<group>"; };
		6E73DAE319EAF0A400826F55 /* CocoaAsyncSocket.xcodeproj */ = {isa = PBXFileReference; lastKnownFileType = "wrapper.pb-project"; name = CocoaAsyncSocket.xcodeproj; path = ../../NetworkObjects/RoutingHTTPServer/External/CocoaHTTPServer/CocoaAsyncSocket/Framework/CocoaAsyncSocket/CocoaAsyncSocket.xcodeproj; sourceTree = "<group>"; };
		6E73DAE419EAF0A400826F55 /* CocoaHTTPServer.xcodeproj */ = {isa = PBXFileReference; lastKnownFileType = "wrapper.pb-project"; name = CocoaHTTPServer.xcodeproj; path = ../../NetworkObjects/RoutingHTTPServer/External/CocoaHTTPServer/Framework/CocoaHTTPServer/CocoaHTTPServer.xcodeproj; sourceTree = "<group>"; };
		6E73DAE519EAF0A400826F55 /* RoutingHTTPServer.xcodeproj */ = {isa = PBXFileReference; lastKnownFileType = "wrapper.pb-project"; name = RoutingHTTPServer.xcodeproj; path = ../../NetworkObjects/RoutingHTTPServer/Framework/RoutingHTTPServer/RoutingHTTPServer.xcodeproj; sourceTree = "<group>"; };
		6E73DAE619EAF0A400826F55 /* NetworkObjects.xcodeproj */ = {isa = PBXFileReference; lastKnownFileType = "wrapper.pb-project"; name = NetworkObjects.xcodeproj; path = ../../NetworkObjects/NetworkObjects/NetworkObjects.xcodeproj; sourceTree = "<group>"; };
		6E73DAE719EAF0A400826F55 /* CorePosts.xcodeproj */ = {isa = PBXFileReference; lastKnownFileType = "wrapper.pb-project"; name = CorePosts.xcodeproj; path = ../../Shared/CorePosts/CorePosts.xcodeproj; sourceTree = "<group>"; };
		6E73DB0B19EAF90800826F55 /* PostsServerDeamon */ = {isa = PBXFileReference; explicitFileType = "compiled.mach-o.executable"; includeInIndex = 0; path = PostsServerDeamon; sourceTree = BUILT_PRODUCTS_DIR; };
		6E73DB0D19EAF90800826F55 /* main.swift */ = {isa = PBXFileReference; lastKnownFileType = sourcecode.swift; path = main.swift; sourceTree = "<group>"; };
		6E73DB1219EAF91F00826F55 /* ServerManager.swift */ = {isa = PBXFileReference; fileEncoding = 4; lastKnownFileType = sourcecode.swift; path = ServerManager.swift; sourceTree = "<group>"; };
/* End PBXFileReference section */

/* Begin PBXFrameworksBuildPhase section */
		6E73DAD519EAF05300826F55 /* Frameworks */ = {
			isa = PBXFrameworksBuildPhase;
			buildActionMask = 2147483647;
			files = (
			);
			runOnlyForDeploymentPostprocessing = 0;
		};
		6E73DB0819EAF90800826F55 /* Frameworks */ = {
			isa = PBXFrameworksBuildPhase;
			buildActionMask = 2147483647;
			files = (
				6E58F2FB19EAFA4300265AE6 /* CorePosts.framework in Frameworks */,
				6E73DB5119EAF98D00826F55 /* CocoaAsyncSocket.framework in Frameworks */,
				6E73DB5219EAF98D00826F55 /* CocoaHTTPServer.framework in Frameworks */,
				6E73DB5319EAF98D00826F55 /* CocoaLumberjack.framework in Frameworks */,
				6E73DB5419EAF98D00826F55 /* NetworkObjects.framework in Frameworks */,
				6E73DB5519EAF98D00826F55 /* RoutingHTTPServer.framework in Frameworks */,
			);
			runOnlyForDeploymentPostprocessing = 0;
		};
/* End PBXFrameworksBuildPhase section */

/* Begin PBXGroup section */
		6E58F2EC19EAFA0B00265AE6 /* Products */ = {
			isa = PBXGroup;
			children = (
				6E58F2F319EAFA0B00265AE6 /* CorePosts.framework */,
				6E58F2F519EAFA0B00265AE6 /* CorePostsTests.xctest */,
			);
			name = Products;
			sourceTree = "<group>";
		};
		6E73DACF19EAF05300826F55 = {
			isa = PBXGroup;
			children = (
				6E73DAE819EAF0A400826F55 /* Frameworks */,
				6E73DB0C19EAF90800826F55 /* PostsServerDeamon */,
				6E73DADA19EAF05300826F55 /* PostsServer */,
				6E73DAD919EAF05300826F55 /* Products */,
			);
			sourceTree = "<group>";
		};
		6E73DAD919EAF05300826F55 /* Products */ = {
			isa = PBXGroup;
			children = (
				6E73DAD819EAF05300826F55 /* PostsServer.bundle */,
				6E73DB0B19EAF90800826F55 /* PostsServerDeamon */,
			);
			name = Products;
			sourceTree = "<group>";
		};
		6E73DADA19EAF05300826F55 /* PostsServer */ = {
			isa = PBXGroup;
			children = (
				6E73DADB19EAF05300826F55 /* Supporting Files */,
			);
			path = PostsServer;
			sourceTree = "<group>";
		};
		6E73DADB19EAF05300826F55 /* Supporting Files */ = {
			isa = PBXGroup;
			children = (
				6E73DADC19EAF05300826F55 /* Info.plist */,
			);
			name = "Supporting Files";
			sourceTree = "<group>";
		};
		6E73DAE819EAF0A400826F55 /* Frameworks */ = {
			isa = PBXGroup;
			children = (
				6E73DAE219EAF0A400826F55 /* Lumberjack.xcodeproj */,
				6E73DAE319EAF0A400826F55 /* CocoaAsyncSocket.xcodeproj */,
				6E73DAE419EAF0A400826F55 /* CocoaHTTPServer.xcodeproj */,
				6E73DAE519EAF0A400826F55 /* RoutingHTTPServer.xcodeproj */,
				6E73DAE619EAF0A400826F55 /* NetworkObjects.xcodeproj */,
				6E73DAE719EAF0A400826F55 /* CorePosts.xcodeproj */,
			);
			name = Frameworks;
			path = ../../App/Posts;
			sourceTree = "<group>";
		};
		6E73DB0C19EAF90800826F55 /* PostsServerDeamon */ = {
			isa = PBXGroup;
			children = (
				6E73DB0D19EAF90800826F55 /* main.swift */,
				6E73DB1219EAF91F00826F55 /* ServerManager.swift */,
			);
			path = PostsServerDeamon;
			sourceTree = "<group>";
		};
		6E73DB1F19EAF93C00826F55 /* Products */ = {
			isa = PBXGroup;
			children = (
				6E73DB2619EAF93C00826F55 /* NetworkObjects.framework */,
				6E73DB2819EAF93C00826F55 /* NetworkObjectsTests.xctest */,
			);
			name = Products;
			sourceTree = "<group>";
		};
		6E73DB2119EAF93C00826F55 /* Products */ = {
			isa = PBXGroup;
			children = (
				6E73DB2C19EAF93C00826F55 /* RoutingHTTPServer.framework */,
				6E73DB2E19EAF93C00826F55 /* RoutingHTTPServerTests.xctest */,
			);
			name = Products;
			sourceTree = "<group>";
		};
		6E73DB2F19EAF93C00826F55 /* Products */ = {
			isa = PBXGroup;
			children = (
				6E73DB3419EAF93C00826F55 /* CocoaHTTPServer.framework */,
				6E73DB3619EAF93C00826F55 /* CocoaHTTPServerTests.xctest */,
			);
			name = Products;
			sourceTree = "<group>";
		};
		6E73DB3719EAF93C00826F55 /* Products */ = {
			isa = PBXGroup;
			children = (
				6E73DB3C19EAF93C00826F55 /* CocoaAsyncSocket.framework */,
				6E73DB3E19EAF93C00826F55 /* CocoaAsyncSocketTests.xctest */,
			);
			name = Products;
			sourceTree = "<group>";
		};
		6E73DB3F19EAF93C00826F55 /* Products */ = {
			isa = PBXGroup;
			children = (
				6E73DB4419EAF93C00826F55 /* CocoaLumberjack.framework */,
				6E73DB4619EAF93C00826F55 /* FmwkTest.app */,
			);
			name = Products;
			sourceTree = "<group>";
		};
/* End PBXGroup section */

/* Begin PBXNativeTarget section */
		6E73DAD719EAF05300826F55 /* PostsServer */ = {
			isa = PBXNativeTarget;
			buildConfigurationList = 6E73DADF19EAF05300826F55 /* Build configuration list for PBXNativeTarget "PostsServer" */;
			buildPhases = (
				6E73DAD419EAF05300826F55 /* Sources */,
				6E73DAD519EAF05300826F55 /* Frameworks */,
				6E73DAD619EAF05300826F55 /* Resources */,
				6E73DAF519EAF79100826F55 /* CopyFiles */,
				6E58F2FC19EAFB9E00265AE6 /* CopyFiles */,
			);
			buildRules = (
			);
			dependencies = (
				6EFCCE5319EAFF5300889B72 /* PBXTargetDependency */,
				6EFCCE5519EAFF5300889B72 /* PBXTargetDependency */,
				6EFCCE5719EAFF5300889B72 /* PBXTargetDependency */,
				6EFCCE5919EAFF5300889B72 /* PBXTargetDependency */,
				6E58F30719EAFCBD00265AE6 /* PBXTargetDependency */,
				6E73DB5919EAF9A900826F55 /* PBXTargetDependency */,
			);
			name = PostsServer;
			productName = PostsServer;
			productReference = 6E73DAD819EAF05300826F55 /* PostsServer.bundle */;
			productType = "com.apple.product-type.bundle";
		};
		6E73DB0A19EAF90800826F55 /* PostsServerDeamon */ = {
			isa = PBXNativeTarget;
			buildConfigurationList = 6E73DB0F19EAF90800826F55 /* Build configuration list for PBXNativeTarget "PostsServerDeamon" */;
			buildPhases = (
				6E73DB0719EAF90800826F55 /* Sources */,
				6E73DB0819EAF90800826F55 /* Frameworks */,
				6E73DB0919EAF90800826F55 /* CopyFiles */,
			);
			buildRules = (
			);
			dependencies = (
				6E58F2FA19EAFA4000265AE6 /* PBXTargetDependency */,
				6E73DB4819EAF96C00826F55 /* PBXTargetDependency */,
				6E73DB4A19EAF96C00826F55 /* PBXTargetDependency */,
				6E73DB4C19EAF96C00826F55 /* PBXTargetDependency */,
				6E73DB4E19EAF96C00826F55 /* PBXTargetDependency */,
				6E73DB5019EAF96C00826F55 /* PBXTargetDependency */,
			);
			name = PostsServerDeamon;
			productName = PostsServerDeamon;
			productReference = 6E73DB0B19EAF90800826F55 /* PostsServerDeamon */;
			productType = "com.apple.product-type.tool";
		};
/* End PBXNativeTarget section */

/* Begin PBXProject section */
		6E73DAD019EAF05300826F55 /* Project object */ = {
			isa = PBXProject;
			attributes = {
				LastUpgradeCheck = 0610;
				ORGANIZATIONNAME = ColemanCDA;
				TargetAttributes = {
					6E73DAD719EAF05300826F55 = {
						CreatedOnToolsVersion = 6.1;
					};
					6E73DB0A19EAF90800826F55 = {
						CreatedOnToolsVersion = 6.1;
					};
				};
			};
			buildConfigurationList = 6E73DAD319EAF05300826F55 /* Build configuration list for PBXProject "PostsServer" */;
			compatibilityVersion = "Xcode 3.2";
			developmentRegion = English;
			hasScannedForEncodings = 0;
			knownRegions = (
				en,
			);
			mainGroup = 6E73DACF19EAF05300826F55;
			productRefGroup = 6E73DAD919EAF05300826F55 /* Products */;
			projectDirPath = "";
			projectReferences = (
				{
					ProductGroup = 6E73DB3719EAF93C00826F55 /* Products */;
					ProjectRef = 6E73DAE319EAF0A400826F55 /* CocoaAsyncSocket.xcodeproj */;
				},
				{
					ProductGroup = 6E73DB2F19EAF93C00826F55 /* Products */;
					ProjectRef = 6E73DAE419EAF0A400826F55 /* CocoaHTTPServer.xcodeproj */;
				},
				{
					ProductGroup = 6E58F2EC19EAFA0B00265AE6 /* Products */;
					ProjectRef = 6E73DAE719EAF0A400826F55 /* CorePosts.xcodeproj */;
				},
				{
					ProductGroup = 6E73DB3F19EAF93C00826F55 /* Products */;
					ProjectRef = 6E73DAE219EAF0A400826F55 /* Lumberjack.xcodeproj */;
				},
				{
					ProductGroup = 6E73DB1F19EAF93C00826F55 /* Products */;
					ProjectRef = 6E73DAE619EAF0A400826F55 /* NetworkObjects.xcodeproj */;
				},
				{
					ProductGroup = 6E73DB2119EAF93C00826F55 /* Products */;
					ProjectRef = 6E73DAE519EAF0A400826F55 /* RoutingHTTPServer.xcodeproj */;
				},
			);
			projectRoot = "";
			targets = (
				6E73DAD719EAF05300826F55 /* PostsServer */,
				6E73DB0A19EAF90800826F55 /* PostsServerDeamon */,
			);
		};
/* End PBXProject section */

/* Begin PBXReferenceProxy section */
		6E58F2F319EAFA0B00265AE6 /* CorePosts.framework */ = {
			isa = PBXReferenceProxy;
			fileType = wrapper.framework;
			path = CorePosts.framework;
			remoteRef = 6E58F2F219EAFA0B00265AE6 /* PBXContainerItemProxy */;
			sourceTree = BUILT_PRODUCTS_DIR;
		};
		6E58F2F519EAFA0B00265AE6 /* CorePostsTests.xctest */ = {
			isa = PBXReferenceProxy;
			fileType = wrapper.cfbundle;
			path = CorePostsTests.xctest;
			remoteRef = 6E58F2F419EAFA0B00265AE6 /* PBXContainerItemProxy */;
			sourceTree = BUILT_PRODUCTS_DIR;
		};
		6E73DB2619EAF93C00826F55 /* NetworkObjects.framework */ = {
			isa = PBXReferenceProxy;
			fileType = wrapper.framework;
			path = NetworkObjects.framework;
			remoteRef = 6E73DB2519EAF93C00826F55 /* PBXContainerItemProxy */;
			sourceTree = BUILT_PRODUCTS_DIR;
		};
		6E73DB2819EAF93C00826F55 /* NetworkObjectsTests.xctest */ = {
			isa = PBXReferenceProxy;
			fileType = wrapper.cfbundle;
			path = NetworkObjectsTests.xctest;
			remoteRef = 6E73DB2719EAF93C00826F55 /* PBXContainerItemProxy */;
			sourceTree = BUILT_PRODUCTS_DIR;
		};
		6E73DB2C19EAF93C00826F55 /* RoutingHTTPServer.framework */ = {
			isa = PBXReferenceProxy;
			fileType = wrapper.framework;
			path = RoutingHTTPServer.framework;
			remoteRef = 6E73DB2B19EAF93C00826F55 /* PBXContainerItemProxy */;
			sourceTree = BUILT_PRODUCTS_DIR;
		};
		6E73DB2E19EAF93C00826F55 /* RoutingHTTPServerTests.xctest */ = {
			isa = PBXReferenceProxy;
			fileType = wrapper.cfbundle;
			path = RoutingHTTPServerTests.xctest;
			remoteRef = 6E73DB2D19EAF93C00826F55 /* PBXContainerItemProxy */;
			sourceTree = BUILT_PRODUCTS_DIR;
		};
		6E73DB3419EAF93C00826F55 /* CocoaHTTPServer.framework */ = {
			isa = PBXReferenceProxy;
			fileType = wrapper.framework;
			path = CocoaHTTPServer.framework;
			remoteRef = 6E73DB3319EAF93C00826F55 /* PBXContainerItemProxy */;
			sourceTree = BUILT_PRODUCTS_DIR;
		};
		6E73DB3619EAF93C00826F55 /* CocoaHTTPServerTests.xctest */ = {
			isa = PBXReferenceProxy;
			fileType = wrapper.cfbundle;
			path = CocoaHTTPServerTests.xctest;
			remoteRef = 6E73DB3519EAF93C00826F55 /* PBXContainerItemProxy */;
			sourceTree = BUILT_PRODUCTS_DIR;
		};
		6E73DB3C19EAF93C00826F55 /* CocoaAsyncSocket.framework */ = {
			isa = PBXReferenceProxy;
			fileType = wrapper.framework;
			path = CocoaAsyncSocket.framework;
			remoteRef = 6E73DB3B19EAF93C00826F55 /* PBXContainerItemProxy */;
			sourceTree = BUILT_PRODUCTS_DIR;
		};
		6E73DB3E19EAF93C00826F55 /* CocoaAsyncSocketTests.xctest */ = {
			isa = PBXReferenceProxy;
			fileType = wrapper.cfbundle;
			path = CocoaAsyncSocketTests.xctest;
			remoteRef = 6E73DB3D19EAF93C00826F55 /* PBXContainerItemProxy */;
			sourceTree = BUILT_PRODUCTS_DIR;
		};
		6E73DB4419EAF93C00826F55 /* CocoaLumberjack.framework */ = {
			isa = PBXReferenceProxy;
			fileType = wrapper.framework;
			path = CocoaLumberjack.framework;
			remoteRef = 6E73DB4319EAF93C00826F55 /* PBXContainerItemProxy */;
			sourceTree = BUILT_PRODUCTS_DIR;
		};
		6E73DB4619EAF93C00826F55 /* FmwkTest.app */ = {
			isa = PBXReferenceProxy;
			fileType = wrapper.application;
			path = FmwkTest.app;
			remoteRef = 6E73DB4519EAF93C00826F55 /* PBXContainerItemProxy */;
			sourceTree = BUILT_PRODUCTS_DIR;
		};
/* End PBXReferenceProxy section */

/* Begin PBXResourcesBuildPhase section */
		6E73DAD619EAF05300826F55 /* Resources */ = {
			isa = PBXResourcesBuildPhase;
			buildActionMask = 2147483647;
			files = (
			);
			runOnlyForDeploymentPostprocessing = 0;
		};
/* End PBXResourcesBuildPhase section */

/* Begin PBXSourcesBuildPhase section */
		6E73DAD419EAF05300826F55 /* Sources */ = {
			isa = PBXSourcesBuildPhase;
			buildActionMask = 2147483647;
			files = (
			);
			runOnlyForDeploymentPostprocessing = 0;
		};
		6E73DB0719EAF90800826F55 /* Sources */ = {
			isa = PBXSourcesBuildPhase;
			buildActionMask = 2147483647;
			files = (
				6E73DB1319EAF91F00826F55 /* ServerManager.swift in Sources */,
				6E73DB0E19EAF90800826F55 /* main.swift in Sources */,
			);
			runOnlyForDeploymentPostprocessing = 0;
		};
/* End PBXSourcesBuildPhase section */

/* Begin PBXTargetDependency section */
		6E58F2FA19EAFA4000265AE6 /* PBXTargetDependency */ = {
			isa = PBXTargetDependency;
			name = CorePosts;
			targetProxy = 6E58F2F919EAFA4000265AE6 /* PBXContainerItemProxy */;
		};
		6E58F30719EAFCBD00265AE6 /* PBXTargetDependency */ = {
			isa = PBXTargetDependency;
			name = NetworkObjects;
			targetProxy = 6E58F30619EAFCBD00265AE6 /* PBXContainerItemProxy */;
		};
		6E73DB4819EAF96C00826F55 /* PBXTargetDependency */ = {
			isa = PBXTargetDependency;
			name = CocoaLumberjack;
			targetProxy = 6E73DB4719EAF96C00826F55 /* PBXContainerItemProxy */;
		};
		6E73DB4A19EAF96C00826F55 /* PBXTargetDependency */ = {
			isa = PBXTargetDependency;
			name = CocoaAsyncSocket;
			targetProxy = 6E73DB4919EAF96C00826F55 /* PBXContainerItemProxy */;
		};
		6E73DB4C19EAF96C00826F55 /* PBXTargetDependency */ = {
			isa = PBXTargetDependency;
			name = CocoaHTTPServer;
			targetProxy = 6E73DB4B19EAF96C00826F55 /* PBXContainerItemProxy */;
		};
		6E73DB4E19EAF96C00826F55 /* PBXTargetDependency */ = {
			isa = PBXTargetDependency;
			name = RoutingHTTPServer;
			targetProxy = 6E73DB4D19EAF96C00826F55 /* PBXContainerItemProxy */;
		};
		6E73DB5019EAF96C00826F55 /* PBXTargetDependency */ = {
			isa = PBXTargetDependency;
			name = NetworkObjects;
			targetProxy = 6E73DB4F19EAF96C00826F55 /* PBXContainerItemProxy */;
		};
		6E73DB5919EAF9A900826F55 /* PBXTargetDependency */ = {
			isa = PBXTargetDependency;
			target = 6E73DB0A19EAF90800826F55 /* PostsServerDeamon */;
			targetProxy = 6E73DB5819EAF9A900826F55 /* PBXContainerItemProxy */;
		};
		6EFCCE5319EAFF5300889B72 /* PBXTargetDependency */ = {
			isa = PBXTargetDependency;
			name = CocoaAsyncSocket;
			targetProxy = 6EFCCE5219EAFF5300889B72 /* PBXContainerItemProxy */;
		};
		6EFCCE5519EAFF5300889B72 /* PBXTargetDependency */ = {
			isa = PBXTargetDependency;
			name = CocoaHTTPServer;
			targetProxy = 6EFCCE5419EAFF5300889B72 /* PBXContainerItemProxy */;
		};
		6EFCCE5719EAFF5300889B72 /* PBXTargetDependency */ = {
			isa = PBXTargetDependency;
			name = RoutingHTTPServer;
			targetProxy = 6EFCCE5619EAFF5300889B72 /* PBXContainerItemProxy */;
		};
		6EFCCE5919EAFF5300889B72 /* PBXTargetDependency */ = {
			isa = PBXTargetDependency;
			name = CorePosts;
			targetProxy = 6EFCCE5819EAFF5300889B72 /* PBXContainerItemProxy */;
		};
/* End PBXTargetDependency section */

/* Begin XCBuildConfiguration section */
		6E73DADD19EAF05300826F55 /* Debug */ = {
			isa = XCBuildConfiguration;
			buildSettings = {
				ALWAYS_SEARCH_USER_PATHS = NO;
				CLANG_CXX_LANGUAGE_STANDARD = "gnu++0x";
				CLANG_CXX_LIBRARY = "libc++";
				CLANG_ENABLE_MODULES = YES;
				CLANG_ENABLE_OBJC_ARC = YES;
				CLANG_WARN_BOOL_CONVERSION = YES;
				CLANG_WARN_CONSTANT_CONVERSION = YES;
				CLANG_WARN_DIRECT_OBJC_ISA_USAGE = YES_ERROR;
				CLANG_WARN_EMPTY_BODY = YES;
				CLANG_WARN_ENUM_CONVERSION = YES;
				CLANG_WARN_INT_CONVERSION = YES;
				CLANG_WARN_OBJC_ROOT_CLASS = YES_ERROR;
				CLANG_WARN_UNREACHABLE_CODE = YES;
				CLANG_WARN__DUPLICATE_METHOD_MATCH = YES;
				COPY_PHASE_STRIP = NO;
				ENABLE_STRICT_OBJC_MSGSEND = YES;
				GCC_C_LANGUAGE_STANDARD = gnu99;
				GCC_DYNAMIC_NO_PIC = NO;
				GCC_OPTIMIZATION_LEVEL = 0;
				GCC_PREPROCESSOR_DEFINITIONS = (
					"DEBUG=1",
					"$(inherited)",
				);
				GCC_SYMBOLS_PRIVATE_EXTERN = NO;
				GCC_WARN_64_TO_32_BIT_CONVERSION = YES;
				GCC_WARN_ABOUT_RETURN_TYPE = YES_ERROR;
				GCC_WARN_UNDECLARED_SELECTOR = YES;
				GCC_WARN_UNINITIALIZED_AUTOS = YES_AGGRESSIVE;
				GCC_WARN_UNUSED_FUNCTION = YES;
				GCC_WARN_UNUSED_VARIABLE = YES;
				MACOSX_DEPLOYMENT_TARGET = 10.10;
				MTL_ENABLE_DEBUG_INFO = YES;
				ONLY_ACTIVE_ARCH = YES;
				SDKROOT = macosx;
			};
			name = Debug;
		};
		6E73DADE19EAF05300826F55 /* Release */ = {
			isa = XCBuildConfiguration;
			buildSettings = {
				ALWAYS_SEARCH_USER_PATHS = NO;
				CLANG_CXX_LANGUAGE_STANDARD = "gnu++0x";
				CLANG_CXX_LIBRARY = "libc++";
				CLANG_ENABLE_MODULES = YES;
				CLANG_ENABLE_OBJC_ARC = YES;
				CLANG_WARN_BOOL_CONVERSION = YES;
				CLANG_WARN_CONSTANT_CONVERSION = YES;
				CLANG_WARN_DIRECT_OBJC_ISA_USAGE = YES_ERROR;
				CLANG_WARN_EMPTY_BODY = YES;
				CLANG_WARN_ENUM_CONVERSION = YES;
				CLANG_WARN_INT_CONVERSION = YES;
				CLANG_WARN_OBJC_ROOT_CLASS = YES_ERROR;
				CLANG_WARN_UNREACHABLE_CODE = YES;
				CLANG_WARN__DUPLICATE_METHOD_MATCH = YES;
				COPY_PHASE_STRIP = YES;
				DEBUG_INFORMATION_FORMAT = "dwarf-with-dsym";
				ENABLE_NS_ASSERTIONS = NO;
				ENABLE_STRICT_OBJC_MSGSEND = YES;
				GCC_C_LANGUAGE_STANDARD = gnu99;
				GCC_WARN_64_TO_32_BIT_CONVERSION = YES;
				GCC_WARN_ABOUT_RETURN_TYPE = YES_ERROR;
				GCC_WARN_UNDECLARED_SELECTOR = YES;
				GCC_WARN_UNINITIALIZED_AUTOS = YES_AGGRESSIVE;
				GCC_WARN_UNUSED_FUNCTION = YES;
				GCC_WARN_UNUSED_VARIABLE = YES;
				MACOSX_DEPLOYMENT_TARGET = 10.10;
				MTL_ENABLE_DEBUG_INFO = NO;
				SDKROOT = macosx;
			};
			name = Release;
		};
		6E73DAE019EAF05300826F55 /* Debug */ = {
			isa = XCBuildConfiguration;
			buildSettings = {
				CLANG_ENABLE_MODULES = YES;
				COMBINE_HIDPI_IMAGES = YES;
				FRAMEWORK_SEARCH_PATHS = (
					"$(inherited)",
					"$(USER_LIBRARY_DIR)/Developer/Xcode/DerivedData/Posts-dhperxsggedwyhgbmvelxfkfvery/Build/Products/Debug",
				);
				INFOPLIST_FILE = PostsServer/Info.plist;
				INSTALL_PATH = "$(LOCAL_LIBRARY_DIR)/Bundles";
				LD_RUNPATH_SEARCH_PATHS = "$(inherited) @executable_path/Frameworks";
				PRODUCT_NAME = "$(TARGET_NAME)";
				SKIP_INSTALL = YES;
				SWIFT_OPTIMIZATION_LEVEL = "-Onone";
				WRAPPER_EXTENSION = bundle;
			};
			name = Debug;
		};
		6E73DAE119EAF05300826F55 /* Release */ = {
			isa = XCBuildConfiguration;
			buildSettings = {
				CLANG_ENABLE_MODULES = YES;
				COMBINE_HIDPI_IMAGES = YES;
				FRAMEWORK_SEARCH_PATHS = (
					"$(inherited)",
					"$(USER_LIBRARY_DIR)/Developer/Xcode/DerivedData/Posts-dhperxsggedwyhgbmvelxfkfvery/Build/Products/Debug",
				);
				INFOPLIST_FILE = PostsServer/Info.plist;
				INSTALL_PATH = "$(LOCAL_LIBRARY_DIR)/Bundles";
				LD_RUNPATH_SEARCH_PATHS = "$(inherited) @executable_path/Frameworks";
				PRODUCT_NAME = "$(TARGET_NAME)";
				SKIP_INSTALL = YES;
				WRAPPER_EXTENSION = bundle;
			};
			name = Release;
		};
		6E73DB1019EAF90800826F55 /* Debug */ = {
			isa = XCBuildConfiguration;
			buildSettings = {
				FRAMEWORK_SEARCH_PATHS = (
					"$(inherited)",
					"$(USER_LIBRARY_DIR)/Developer/Xcode/DerivedData/Posts-dhperxsggedwyhgbmvelxfkfvery/Build/Products/Debug",
				);
				GCC_PREPROCESSOR_DEFINITIONS = (
					"DEBUG=1",
					"$(inherited)",
				);
				LD_RUNPATH_SEARCH_PATHS = "$(inherited) @executable_path/../Frameworks";
				PRODUCT_NAME = "$(TARGET_NAME)";
				SWIFT_OPTIMIZATION_LEVEL = "-Onone";
			};
			name = Debug;
		};
		6E73DB1119EAF90800826F55 /* Release */ = {
			isa = XCBuildConfiguration;
			buildSettings = {
				FRAMEWORK_SEARCH_PATHS = (
					"$(inherited)",
					"$(USER_LIBRARY_DIR)/Developer/Xcode/DerivedData/Posts-dhperxsggedwyhgbmvelxfkfvery/Build/Products/Debug",
				);
				LD_RUNPATH_SEARCH_PATHS = "$(inherited) @executable_path/../Frameworks";
				PRODUCT_NAME = "$(TARGET_NAME)";
			};
			name = Release;
		};
/* End XCBuildConfiguration section */

/* Begin XCConfigurationList section */
		6E73DAD319EAF05300826F55 /* Build configuration list for PBXProject "PostsServer" */ = {
			isa = XCConfigurationList;
			buildConfigurations = (
				6E73DADD19EAF05300826F55 /* Debug */,
				6E73DADE19EAF05300826F55 /* Release */,
			);
			defaultConfigurationIsVisible = 0;
			defaultConfigurationName = Release;
		};
		6E73DADF19EAF05300826F55 /* Build configuration list for PBXNativeTarget "PostsServer" */ = {
			isa = XCConfigurationList;
			buildConfigurations = (
				6E73DAE019EAF05300826F55 /* Debug */,
				6E73DAE119EAF05300826F55 /* Release */,
			);
			defaultConfigurationIsVisible = 0;
			defaultConfigurationName = Release;
		};
		6E73DB0F19EAF90800826F55 /* Build configuration list for PBXNativeTarget "PostsServerDeamon" */ = {
			isa = XCConfigurationList;
			buildConfigurations = (
				6E73DB1019EAF90800826F55 /* Debug */,
				6E73DB1119EAF90800826F55 /* Release */,
			);
			defaultConfigurationIsVisible = 0;
			defaultConfigurationName = Release;
		};
/* End XCConfigurationList section */
	};
	rootObject = 6E73DAD019EAF05300826F55 /* Project object */;
}
